// !$*UTF8*$!
{
	archiveVersion = 1;
	classes = {
	};
	objectVersion = 46;
	objects = {

/* Begin PBXBuildFile section */
		1D3623260D0F684500981E51 /* NavigationControllerDemoAppDelegate.m in Sources */ = {isa = PBXBuildFile; fileRef = 1D3623250D0F684500981E51 /* NavigationControllerDemoAppDelegate.m */; };
		1D60589B0D05DD56006BFB54 /* main.m in Sources */ = {isa = PBXBuildFile; fileRef = 29B97316FDCFA39411CA2CEA /* main.m */; };
		1D60589F0D05DD5A006BFB54 /* Foundation.framework in Frameworks */ = {isa = PBXBuildFile; fileRef = 1D30AB110D05D00D00671497 /* Foundation.framework */; };
		1DF5F4E00D08C38300B7A737 /* UIKit.framework in Frameworks */ = {isa = PBXBuildFile; fileRef = 1DF5F4DF0D08C38300B7A737 /* UIKit.framework */; };
		288765FD0DF74451002DB57D /* CoreGraphics.framework in Frameworks */ = {isa = PBXBuildFile; fileRef = 288765FC0DF74451002DB57D /* CoreGraphics.framework */; };
		28AD733F0D9D9553002E5188 /* MainWindow.xib in Resources */ = {isa = PBXBuildFile; fileRef = 28AD733E0D9D9553002E5188 /* MainWindow.xib */; };
		74B202DE13B360BA00440750 /* back.png in Resources */ = {isa = PBXBuildFile; fileRef = 74B202DD13B360BA00440750 /* back.png */; };
		74DE90C213B35BC5003BD13E /* SONavigationBar.m in Sources */ = {isa = PBXBuildFile; fileRef = 74DE90BE13B35BC5003BD13E /* SONavigationBar.m */; };
		74DE90C313B35BC5003BD13E /* SONavigationController.m in Sources */ = {isa = PBXBuildFile; fileRef = 74DE90C013B35BC5003BD13E /* SONavigationController.m */; };
		74DE90C413B35BC5003BD13E /* SONavigationController.xib in Resources */ = {isa = PBXBuildFile; fileRef = 74DE90C113B35BC5003BD13E /* SONavigationController.xib */; };
		74DE90CC13B35C70003BD13E /* SOViewController.m in Sources */ = {isa = PBXBuildFile; fileRef = 74DE90CB13B35C70003BD13E /* SOViewController.m */; };
		74DE90D513B35CBF003BD13E /* TestViewController1.m in Sources */ = {isa = PBXBuildFile; fileRef = 74DE90D313B35CBF003BD13E /* TestViewController1.m */; };
		74DE90D613B35CBF003BD13E /* TestViewController1.xib in Resources */ = {isa = PBXBuildFile; fileRef = 74DE90D413B35CBF003BD13E /* TestViewController1.xib */; };
		74DE90DB13B35CD6003BD13E /* TestViewController2.m in Sources */ = {isa = PBXBuildFile; fileRef = 74DE90D913B35CD6003BD13E /* TestViewController2.m */; };
		74DE90DC13B35CD6003BD13E /* TestViewController2.xib in Resources */ = {isa = PBXBuildFile; fileRef = 74DE90DA13B35CD6003BD13E /* TestViewController2.xib */; };
/* End PBXBuildFile section */

/* Begin PBXFileReference section */
		1D30AB110D05D00D00671497 /* Foundation.framework */ = {isa = PBXFileReference; lastKnownFileType = wrapper.framework; name = Foundation.framework; path = System/Library/Frameworks/Foundation.framework; sourceTree = SDKROOT; };
		1D3623240D0F684500981E51 /* NavigationControllerDemoAppDelegate.h */ = {isa = PBXFileReference; fileEncoding = 4; lastKnownFileType = sourcecode.c.h; path = NavigationControllerDemoAppDelegate.h; sourceTree = "<group>"; };
		1D3623250D0F684500981E51 /* NavigationControllerDemoAppDelegate.m */ = {isa = PBXFileReference; fileEncoding = 4; lastKnownFileType = sourcecode.c.objc; path = NavigationControllerDemoAppDelegate.m; sourceTree = "<group>"; };
		1D6058910D05DD3D006BFB54 /* NavigationControllerDemo.app */ = {isa = PBXFileReference; explicitFileType = wrapper.application; includeInIndex = 0; path = NavigationControllerDemo.app; sourceTree = BUILT_PRODUCTS_DIR; };
		1DF5F4DF0D08C38300B7A737 /* UIKit.framework */ = {isa = PBXFileReference; lastKnownFileType = wrapper.framework; name = UIKit.framework; path = System/Library/Frameworks/UIKit.framework; sourceTree = SDKROOT; };
		288765FC0DF74451002DB57D /* CoreGraphics.framework */ = {isa = PBXFileReference; lastKnownFileType = wrapper.framework; name = CoreGraphics.framework; path = System/Library/Frameworks/CoreGraphics.framework; sourceTree = SDKROOT; };
		28AD733E0D9D9553002E5188 /* MainWindow.xib */ = {isa = PBXFileReference; lastKnownFileType = file.xib; path = MainWindow.xib; sourceTree = "<group>"; };
		29B97316FDCFA39411CA2CEA /* main.m */ = {isa = PBXFileReference; fileEncoding = 4; lastKnownFileType = sourcecode.c.objc; path = main.m; sourceTree = "<group>"; };
		32CA4F630368D1EE00C91783 /* NavigationControllerDemo_Prefix.pch */ = {isa = PBXFileReference; fileEncoding = 4; lastKnownFileType = sourcecode.c.h; path = NavigationControllerDemo_Prefix.pch; sourceTree = "<group>"; };
		74B202DD13B360BA00440750 /* back.png */ = {isa = PBXFileReference; lastKnownFileType = image.png; path = back.png; sourceTree = "<group>"; };
		74DE90BD13B35BC4003BD13E /* SONavigationBar.h */ = {isa = PBXFileReference; fileEncoding = 4; lastKnownFileType = sourcecode.c.h; path = SONavigationBar.h; sourceTree = "<group>"; };
		74DE90BE13B35BC5003BD13E /* SONavigationBar.m */ = {isa = PBXFileReference; fileEncoding = 4; lastKnownFileType = sourcecode.c.objc; path = SONavigationBar.m; sourceTree = "<group>"; };
		74DE90BF13B35BC5003BD13E /* SONavigationController.h */ = {isa = PBXFileReference; fileEncoding = 4; lastKnownFileType = sourcecode.c.h; path = SONavigationController.h; sourceTree = "<group>"; };
		74DE90C013B35BC5003BD13E /* SONavigationController.m */ = {isa = PBXFileReference; fileEncoding = 4; lastKnownFileType = sourcecode.c.objc; path = SONavigationController.m; sourceTree = "<group>"; };
		74DE90C113B35BC5003BD13E /* SONavigationController.xib */ = {isa = PBXFileReference; lastKnownFileType = file.xib; path = SONavigationController.xib; sourceTree = "<group>"; };
		74DE90CA13B35C70003BD13E /* SOViewController.h */ = {isa = PBXFileReference; fileEncoding = 4; lastKnownFileType = sourcecode.c.h; path = SOViewController.h; sourceTree = "<group>"; };
		74DE90CB13B35C70003BD13E /* SOViewController.m */ = {isa = PBXFileReference; fileEncoding = 4; lastKnownFileType = sourcecode.c.objc; path = SOViewController.m; sourceTree = "<group>"; };
		74DE90D213B35CBF003BD13E /* TestViewController1.h */ = {isa = PBXFileReference; fileEncoding = 4; lastKnownFileType = sourcecode.c.h; path = TestViewController1.h; sourceTree = "<group>"; };
		74DE90D313B35CBF003BD13E /* TestViewController1.m */ = {isa = PBXFileReference; fileEncoding = 4; lastKnownFileType = sourcecode.c.objc; path = TestViewController1.m; sourceTree = "<group>"; };
		74DE90D413B35CBF003BD13E /* TestViewController1.xib */ = {isa = PBXFileReference; lastKnownFileType = file.xib; path = TestViewController1.xib; sourceTree = "<group>"; };
		74DE90D813B35CD6003BD13E /* TestViewController2.h */ = {isa = PBXFileReference; fileEncoding = 4; lastKnownFileType = sourcecode.c.h; path = TestViewController2.h; sourceTree = "<group>"; };
		74DE90D913B35CD6003BD13E /* TestViewController2.m */ = {isa = PBXFileReference; fileEncoding = 4; lastKnownFileType = sourcecode.c.objc; path = TestViewController2.m; sourceTree = "<group>"; };
		74DE90DA13B35CD6003BD13E /* TestViewController2.xib */ = {isa = PBXFileReference; lastKnownFileType = file.xib; path = TestViewController2.xib; sourceTree = "<group>"; };
		8D1107310486CEB800E47090 /* NavigationControllerDemo-Info.plist */ = {isa = PBXFileReference; fileEncoding = 4; lastKnownFileType = text.plist.xml; path = "NavigationControllerDemo-Info.plist"; plistStructureDefinitionIdentifier = "com.apple.xcode.plist.structure-definition.iphone.info-plist"; sourceTree = "<group>"; };
/* End PBXFileReference section */

/* Begin PBXFrameworksBuildPhase section */
		1D60588F0D05DD3D006BFB54 /* Frameworks */ = {
			isa = PBXFrameworksBuildPhase;
			buildActionMask = 2147483647;
			files = (
				1D60589F0D05DD5A006BFB54 /* Foundation.framework in Frameworks */,
				1DF5F4E00D08C38300B7A737 /* UIKit.framework in Frameworks */,
				288765FD0DF74451002DB57D /* CoreGraphics.framework in Frameworks */,
			);
			runOnlyForDeploymentPostprocessing = 0;
		};
/* End PBXFrameworksBuildPhase section */

/* Begin PBXGroup section */
		080E96DDFE201D6D7F000001 /* Classes */ = {
			isa = PBXGroup;
			children = (
				74DE90D713B35CC3003BD13E /* Test view controllers */,
				74DE90C913B35C70003BD13E /* ViewController */,
				74DE90BC13B35BC4003BD13E /* NavigationController */,
				1D3623240D0F684500981E51 /* NavigationControllerDemoAppDelegate.h */,
				1D3623250D0F684500981E51 /* NavigationControllerDemoAppDelegate.m */,
			);
			path = Classes;
			sourceTree = "<group>";
		};
		19C28FACFE9D520D11CA2CBB /* Products */ = {
			isa = PBXGroup;
			children = (
				1D6058910D05DD3D006BFB54 /* NavigationControllerDemo.app */,
			);
			name = Products;
			sourceTree = "<group>";
		};
		29B97314FDCFA39411CA2CEA /* CustomTemplate */ = {
			isa = PBXGroup;
			children = (
				080E96DDFE201D6D7F000001 /* Classes */,
				29B97315FDCFA39411CA2CEA /* Other Sources */,
				29B97317FDCFA39411CA2CEA /* Resources */,
				29B97323FDCFA39411CA2CEA /* Frameworks */,
				19C28FACFE9D520D11CA2CBB /* Products */,
			);
			name = CustomTemplate;
			sourceTree = "<group>";
		};
		29B97315FDCFA39411CA2CEA /* Other Sources */ = {
			isa = PBXGroup;
			children = (
				32CA4F630368D1EE00C91783 /* NavigationControllerDemo_Prefix.pch */,
				29B97316FDCFA39411CA2CEA /* main.m */,
			);
			name = "Other Sources";
			sourceTree = "<group>";
		};
		29B97317FDCFA39411CA2CEA /* Resources */ = {
			isa = PBXGroup;
			children = (
				74B202DD13B360BA00440750 /* back.png */,
				28AD733E0D9D9553002E5188 /* MainWindow.xib */,
				8D1107310486CEB800E47090 /* NavigationControllerDemo-Info.plist */,
			);
			name = Resources;
			sourceTree = "<group>";
		};
		29B97323FDCFA39411CA2CEA /* Frameworks */ = {
			isa = PBXGroup;
			children = (
				1DF5F4DF0D08C38300B7A737 /* UIKit.framework */,
				1D30AB110D05D00D00671497 /* Foundation.framework */,
				288765FC0DF74451002DB57D /* CoreGraphics.framework */,
			);
			name = Frameworks;
			sourceTree = "<group>";
		};
		74DE90BC13B35BC4003BD13E /* NavigationController */ = {
			isa = PBXGroup;
			children = (
				74DE90BD13B35BC4003BD13E /* SONavigationBar.h */,
				74DE90BE13B35BC5003BD13E /* SONavigationBar.m */,
				74DE90BF13B35BC5003BD13E /* SONavigationController.h */,
				74DE90C013B35BC5003BD13E /* SONavigationController.m */,
				74DE90C113B35BC5003BD13E /* SONavigationController.xib */,
			);
			name = NavigationController;
			sourceTree = "<group>";
		};
		74DE90C913B35C70003BD13E /* ViewController */ = {
			isa = PBXGroup;
			children = (
				74DE90CA13B35C70003BD13E /* SOViewController.h */,
				74DE90CB13B35C70003BD13E /* SOViewController.m */,
			);
			name = ViewController;
			sourceTree = "<group>";
		};
		74DE90D713B35CC3003BD13E /* Test view controllers */ = {
			isa = PBXGroup;
			children = (
				74DE90D213B35CBF003BD13E /* TestViewController1.h */,
				74DE90D313B35CBF003BD13E /* TestViewController1.m */,
				74DE90D413B35CBF003BD13E /* TestViewController1.xib */,
				74DE90D813B35CD6003BD13E /* TestViewController2.h */,
				74DE90D913B35CD6003BD13E /* TestViewController2.m */,
				74DE90DA13B35CD6003BD13E /* TestViewController2.xib */,
			);
			name = "Test view controllers";
			sourceTree = "<group>";
		};
/* End PBXGroup section */

/* Begin PBXNativeTarget section */
		1D6058900D05DD3D006BFB54 /* NavigationControllerDemo */ = {
			isa = PBXNativeTarget;
			buildConfigurationList = 1D6058960D05DD3E006BFB54 /* Build configuration list for PBXNativeTarget "NavigationControllerDemo" */;
			buildPhases = (
				1D60588D0D05DD3D006BFB54 /* Resources */,
				1D60588E0D05DD3D006BFB54 /* Sources */,
				1D60588F0D05DD3D006BFB54 /* Frameworks */,
			);
			buildRules = (
			);
			dependencies = (
			);
			name = NavigationControllerDemo;
			productName = NavigationControllerDemo;
			productReference = 1D6058910D05DD3D006BFB54 /* NavigationControllerDemo.app */;
			productType = "com.apple.product-type.application";
		};
/* End PBXNativeTarget section */

/* Begin PBXProject section */
		29B97313FDCFA39411CA2CEA /* Project object */ = {
			isa = PBXProject;
			attributes = {
				ORGANIZATIONNAME = SoftTechnics;
			};
			buildConfigurationList = C01FCF4E08A954540054247B /* Build configuration list for PBXProject "NavigationControllerDemo" */;
			compatibilityVersion = "Xcode 3.2";
			developmentRegion = English;
			hasScannedForEncodings = 1;
			knownRegions = (
				English,
				Japanese,
				French,
				German,
			);
			mainGroup = 29B97314FDCFA39411CA2CEA /* CustomTemplate */;
			projectDirPath = "";
			projectRoot = "";
			targets = (
				1D6058900D05DD3D006BFB54 /* NavigationControllerDemo */,
			);
		};
/* End PBXProject section */

/* Begin PBXResourcesBuildPhase section */
		1D60588D0D05DD3D006BFB54 /* Resources */ = {
			isa = PBXResourcesBuildPhase;
			buildActionMask = 2147483647;
			files = (
				28AD733F0D9D9553002E5188 /* MainWindow.xib in Resources */,
				74DE90C413B35BC5003BD13E /* SONavigationController.xib in Resources */,
				74DE90D613B35CBF003BD13E /* TestViewController1.xib in Resources */,
				74DE90DC13B35CD6003BD13E /* TestViewController2.xib in Resources */,
				74B202DE13B360BA00440750 /* back.png in Resources */,
			);
			runOnlyForDeploymentPostprocessing = 0;
		};
/* End PBXResourcesBuildPhase section */

/* Begin PBXSourcesBuildPhase section */
		1D60588E0D05DD3D006BFB54 /* Sources */ = {
			isa = PBXSourcesBuildPhase;
			buildActionMask = 2147483647;
			files = (
				1D60589B0D05DD56006BFB54 /* main.m in Sources */,
				1D3623260D0F684500981E51 /* NavigationControllerDemoAppDelegate.m in Sources */,
				74DE90C213B35BC5003BD13E /* SONavigationBar.m in Sources */,
				74DE90C313B35BC5003BD13E /* SONavigationController.m in Sources */,
				74DE90CC13B35C70003BD13E /* SOViewController.m in Sources */,
				74DE90D513B35CBF003BD13E /* TestViewController1.m in Sources */,
				74DE90DB13B35CD6003BD13E /* TestViewController2.m in Sources */,
			);
			runOnlyForDeploymentPostprocessing = 0;
		};
/* End PBXSourcesBuildPhase section */

/* Begin XCBuildConfiguration section */
		1D6058940D05DD3E006BFB54 /* Debug */ = {
			isa = XCBuildConfiguration;
			buildSettings = {
				ALWAYS_SEARCH_USER_PATHS = NO;
				COPY_PHASE_STRIP = NO;
				GCC_DYNAMIC_NO_PIC = NO;
				GCC_OPTIMIZATION_LEVEL = 0;
				GCC_PRECOMPILE_PREFIX_HEADER = YES;
				GCC_PREFIX_HEADER = NavigationControllerDemo_Prefix.pch;
				INFOPLIST_FILE = "NavigationControllerDemo-Info.plist";
				PRODUCT_NAME = NavigationControllerDemo;
			};
			name = Debug;
		};
		1D6058950D05DD3E006BFB54 /* Release */ = {
			isa = XCBuildConfiguration;
			buildSettings = {
				ALWAYS_SEARCH_USER_PATHS = NO;
				COPY_PHASE_STRIP = YES;
				GCC_PRECOMPILE_PREFIX_HEADER = YES;
				GCC_PREFIX_HEADER = NavigationControllerDemo_Prefix.pch;
				INFOPLIST_FILE = "NavigationControllerDemo-Info.plist";
				PRODUCT_NAME = NavigationControllerDemo;
				VALIDATE_PRODUCT = YES;
			};
			name = Release;
		};
		C01FCF4F08A954540054247B /* Debug */ = {
			isa = XCBuildConfiguration;
			buildSettings = {
				ARCHS = "$(ARCHS_STANDARD_32_BIT)";
				"CODE_SIGN_IDENTITY[sdk=iphoneos*]" = "iPhone Developer";
				GCC_C_LANGUAGE_STANDARD = c99;
				GCC_WARN_ABOUT_RETURN_TYPE = YES;
				GCC_WARN_UNUSED_VARIABLE = YES;
				PREBINDING = NO;
				SDKROOT = iphoneos;
			};
			name = Debug;
		};
		C01FCF5008A954540054247B /* Release */ = {
			isa = XCBuildConfiguration;
			buildSettings = {
				ARCHS = "$(ARCHS_STANDARD_32_BIT)";
				"CODE_SIGN_IDENTITY[sdk=iphoneos*]" = "iPhone Developer";
				GCC_C_LANGUAGE_STANDARD = c99;
				GCC_WARN_ABOUT_RETURN_TYPE = YES;
				GCC_WARN_UNUSED_VARIABLE = YES;
				OTHER_CFLAGS = "-DNS_BLOCK_ASSERTIONS=1";
				PREBINDING = NO;
				SDKROOT = iphoneos;
			};
			name = Release;
		};
/* End XCBuildConfiguration section */

/* Begin XCConfigurationList section */
		1D6058960D05DD3E006BFB54 /* Build configuration list for PBXNativeTarget "NavigationControllerDemo" */ = {
			isa = XCConfigurationList;
			buildConfigurations = (
				1D6058940D05DD3E006BFB54 /* Debug */,
				1D6058950D05DD3E006BFB54 /* Release */,
			);
			defaultConfigurationIsVisible = 0;
			defaultConfigurationName = Release;
		};
		C01FCF4E08A954540054247B /* Build configuration list for PBXProject "NavigationControllerDemo" */ = {
			isa = XCConfigurationList;
			buildConfigurations = (
				C01FCF4F08A954540054247B /* Debug */,
				C01FCF5008A954540054247B /* Release */,
			);
			defaultConfigurationIsVisible = 0;
			defaultConfigurationName = Release;
		};
/* End XCConfigurationList section */
	};
	rootObject = 29B97313FDCFA39411CA2CEA /* Project object */;
}
